// !$*UTF8*$!
{
	archiveVersion = 1;
	classes = {
	};
	objectVersion = 46;
	objects = {

/* Begin PBXBuildFile section */
		FFF29B3A1D2B2A6800D8053C /* AppDelegate.swift in Sources */ = {isa = PBXBuildFile; fileRef = FFF29B391D2B2A6800D8053C /* AppDelegate.swift */; };
		FFF29B3C1D2B2A6800D8053C /* ViewController.swift in Sources */ = {isa = PBXBuildFile; fileRef = FFF29B3B1D2B2A6800D8053C /* ViewController.swift */; };
		FFF29B3F1D2B2A6800D8053C /* Main.storyboard in Resources */ = {isa = PBXBuildFile; fileRef = FFF29B3D1D2B2A6800D8053C /* Main.storyboard */; };
		FFF29B411D2B2A6800D8053C /* Assets.xcassets in Resources */ = {isa = PBXBuildFile; fileRef = FFF29B401D2B2A6800D8053C /* Assets.xcassets */; };
		FFF29B441D2B2A6800D8053C /* LaunchScreen.storyboard in Resources */ = {isa = PBXBuildFile; fileRef = FFF29B421D2B2A6800D8053C /* LaunchScreen.storyboard */; };
		FFF29B511D2DA0CA00D8053C /* EquationsAndFormulae.swift in Sources */ = {isa = PBXBuildFile; fileRef = FFF29B501D2DA0CA00D8053C /* EquationsAndFormulae.swift */; };
/* End PBXBuildFile section */

/* Begin PBXFileReference section */
		FFF29B361D2B2A6800D8053C /* Eagle-Eye.app */ = {isa = PBXFileReference; explicitFileType = wrapper.application; includeInIndex = 0; path = "Eagle-Eye.app"; sourceTree = BUILT_PRODUCTS_DIR; };
		FFF29B391D2B2A6800D8053C /* AppDelegate.swift */ = {isa = PBXFileReference; lastKnownFileType = sourcecode.swift; path = AppDelegate.swift; sourceTree = "<group>"; };
		FFF29B3B1D2B2A6800D8053C /* ViewController.swift */ = {isa = PBXFileReference; lastKnownFileType = sourcecode.swift; path = ViewController.swift; sourceTree = "<group>"; };
		FFF29B3E1D2B2A6800D8053C /* Base */ = {isa = PBXFileReference; lastKnownFileType = file.storyboard; name = Base; path = Base.lproj/Main.storyboard; sourceTree = "<group>"; };
		FFF29B401D2B2A6800D8053C /* Assets.xcassets */ = {isa = PBXFileReference; lastKnownFileType = folder.assetcatalog; path = Assets.xcassets; sourceTree = "<group>"; };
		FFF29B431D2B2A6800D8053C /* Base */ = {isa = PBXFileReference; lastKnownFileType = file.storyboard; name = Base; path = Base.lproj/LaunchScreen.storyboard; sourceTree = "<group>"; };
		FFF29B451D2B2A6800D8053C /* Info.plist */ = {isa = PBXFileReference; lastKnownFileType = text.plist.xml; path = Info.plist; sourceTree = "<group>"; };
		FFF29B501D2DA0CA00D8053C /* EquationsAndFormulae.swift */ = {isa = PBXFileReference; fileEncoding = 4; lastKnownFileType = sourcecode.swift; path = EquationsAndFormulae.swift; sourceTree = "<group>"; };
/* End PBXFileReference section */

/* Begin PBXFrameworksBuildPhase section */
		FFF29B331D2B2A6800D8053C /* Frameworks */ = {
			isa = PBXFrameworksBuildPhase;
			buildActionMask = 2147483647;
			files = (
			);
			runOnlyForDeploymentPostprocessing = 0;
		};
/* End PBXFrameworksBuildPhase section */

/* Begin PBXGroup section */
		FFF29B2D1D2B2A6800D8053C = {
			isa = PBXGroup;
			children = (
				FFF29B381D2B2A6800D8053C /* Eagle-Eye */,
				FFF29B371D2B2A6800D8053C /* Products */,
			);
			sourceTree = "<group>";
		};
		FFF29B371D2B2A6800D8053C /* Products */ = {
			isa = PBXGroup;
			children = (
				FFF29B361D2B2A6800D8053C /* Eagle-Eye.app */,
			);
			name = Products;
			sourceTree = "<group>";
		};
		FFF29B381D2B2A6800D8053C /* Eagle-Eye */ = {
			isa = PBXGroup;
			children = (
				FFF29B3D1D2B2A6800D8053C /* Main.storyboard */,
				FFF29B391D2B2A6800D8053C /* AppDelegate.swift */,
				FFF29B3B1D2B2A6800D8053C /* ViewController.swift */,
				FFF29B501D2DA0CA00D8053C /* EquationsAndFormulae.swift */,
				FFF29B401D2B2A6800D8053C /* Assets.xcassets */,
				FFF29B421D2B2A6800D8053C /* LaunchScreen.storyboard */,
				FFF29B451D2B2A6800D8053C /* Info.plist */,
			);
			path = "Eagle-Eye";
			sourceTree = "<group>";
		};
/* End PBXGroup section */

/* Begin PBXNativeTarget section */
		FFF29B351D2B2A6800D8053C /* Eagle-Eye */ = {
			isa = PBXNativeTarget;
			buildConfigurationList = FFF29B481D2B2A6800D8053C /* Build configuration list for PBXNativeTarget "Eagle-Eye" */;
			buildPhases = (
				FFF29B321D2B2A6800D8053C /* Sources */,
				FFF29B331D2B2A6800D8053C /* Frameworks */,
				FFF29B341D2B2A6800D8053C /* Resources */,
			);
			buildRules = (
			);
			dependencies = (
			);
			name = "Eagle-Eye";
			productName = "Eagle-Eye";
			productReference = FFF29B361D2B2A6800D8053C /* Eagle-Eye.app */;
			productType = "com.apple.product-type.application";
		};
/* End PBXNativeTarget section */

/* Begin PBXProject section */
		FFF29B2E1D2B2A6800D8053C /* Project object */ = {
			isa = PBXProject;
			attributes = {
				LastSwiftUpdateCheck = 0730;
				LastUpgradeCheck = 0730;
				ORGANIZATIONNAME = "David Park";
				TargetAttributes = {
					FFF29B351D2B2A6800D8053C = {
						CreatedOnToolsVersion = 7.3.1;
						DevelopmentTeam = C7U2ZE2237;
					};
				};
			};
			buildConfigurationList = FFF29B311D2B2A6800D8053C /* Build configuration list for PBXProject "Eagle-Eye" */;
			compatibilityVersion = "Xcode 3.2";
			developmentRegion = English;
			hasScannedForEncodings = 0;
			knownRegions = (
				en,
				Base,
			);
			mainGroup = FFF29B2D1D2B2A6800D8053C;
			productRefGroup = FFF29B371D2B2A6800D8053C /* Products */;
			projectDirPath = "";
			projectRoot = "";
			targets = (
				FFF29B351D2B2A6800D8053C /* Eagle-Eye */,
			);
		};
/* End PBXProject section */

/* Begin PBXResourcesBuildPhase section */
		FFF29B341D2B2A6800D8053C /* Resources */ = {
			isa = PBXResourcesBuildPhase;
			buildActionMask = 2147483647;
			files = (
				FFF29B441D2B2A6800D8053C /* LaunchScreen.storyboard in Resources */,
				FFF29B411D2B2A6800D8053C /* Assets.xcassets in Resources */,
				FFF29B3F1D2B2A6800D8053C /* Main.storyboard in Resources */,
			);
			runOnlyForDeploymentPostprocessing = 0;
		};
/* End PBXResourcesBuildPhase section */

/* Begin PBXSourcesBuildPhase section */
		FFF29B321D2B2A6800D8053C /* Sources */ = {
			isa = PBXSourcesBuildPhase;
			buildActionMask = 2147483647;
			files = (
				FFF29B511D2DA0CA00D8053C /* EquationsAndFormulae.swift in Sources */,
				FFF29B3C1D2B2A6800D8053C /* ViewController.swift in Sources */,
				FFF29B3A1D2B2A6800D8053C /* AppDelegate.swift in Sources */,
			);
			runOnlyForDeploymentPostprocessing = 0;
		};
/* End PBXSourcesBuildPhase section */

/* Begin PBXVariantGroup section */
		FFF29B3D1D2B2A6800D8053C /* Main.storyboard */ = {
			isa = PBXVariantGroup;
			children = (
				FFF29B3E1D2B2A6800D8053C /* Base */,
			);
			name = Main.storyboard;
			sourceTree = "<group>";
		};
		FFF29B421D2B2A6800D8053C /* LaunchScreen.storyboard */ = {
			isa = PBXVariantGroup;
			children = (
				FFF29B431D2B2A6800D8053C /* Base */,
			);
			name = LaunchScreen.storyboard;
			sourceTree = "<group>";
		};
/* End PBXVariantGroup section */

/* Begin XCBuildConfiguration section */
		FFF29B461D2B2A6800D8053C /* Debug */ = {
			isa = XCBuildConfiguration;
			buildSettings = {
				ALWAYS_SEARCH_USER_PATHS = NO;
				CLANG_ANALYZER_NONNULL = YES;
				CLANG_CXX_LANGUAGE_STANDARD = "gnu++0x";
				CLANG_CXX_LIBRARY = "libc++";
				CLANG_ENABLE_MODULES = YES;
				CLANG_ENABLE_OBJC_ARC = YES;
				CLANG_WARN_BOOL_CONVERSION = YES;
				CLANG_WARN_CONSTANT_CONVERSION = YES;
				CLANG_WARN_DIRECT_OBJC_ISA_USAGE = YES_ERROR;
				CLANG_WARN_EMPTY_BODY = YES;
				CLANG_WARN_ENUM_CONVERSION = YES;
				CLANG_WARN_INT_CONVERSION = YES;
				CLANG_WARN_OBJC_ROOT_CLASS = YES_ERROR;
				CLANG_WARN_UNREACHABLE_CODE = YES;
				CLANG_WARN__DUPLICATE_METHOD_MATCH = YES;
				"CODE_SIGN_IDENTITY[sdk=iphoneos*]" = "iPhone Developer";
				COPY_PHASE_STRIP = NO;
				DEBUG_INFORMATION_FORMAT = dwarf;
				ENABLE_STRICT_OBJC_MSGSEND = YES;
				ENABLE_TESTABILITY = YES;
				GCC_C_LANGUAGE_STANDARD = gnu99;
				GCC_DYNAMIC_NO_PIC = NO;
				GCC_NO_COMMON_BLOCKS = YES;
				GCC_OPTIMIZATION_LEVEL = 0;
				GCC_PREPROCESSOR_DEFINITIONS = (
					"DEBUG=1",
					"$(inherited)",
				);
				GCC_WARN_64_TO_32_BIT_CONVERSION = YES;
				GCC_WARN_ABOUT_RETURN_TYPE = YES_ERROR;
				GCC_WARN_UNDECLARED_SELECTOR = YES;
				GCC_WARN_UNINITIALIZED_AUTOS = YES_AGGRESSIVE;
				GCC_WARN_UNUSED_FUNCTION = YES;
				GCC_WARN_UNUSED_VARIABLE = YES;
				IPHONEOS_DEPLOYMENT_TARGET = 9.3;
				MTL_ENABLE_DEBUG_INFO = YES;
				ONLY_ACTIVE_ARCH = YES;
				SDKROOT = iphoneos;
				SWIFT_OPTIMIZATION_LEVEL = "-Onone";
				TARGETED_DEVICE_FAMILY = "1,2";
			};
			name = Debug;
		};
		FFF29B471D2B2A6800D8053C /* Release */ = {
			isa = XCBuildConfiguration;
			buildSettings = {
				ALWAYS_SEARCH_USER_PATHS = NO;
				CLANG_ANALYZER_NONNULL = YES;
				CLANG_CXX_LANGUAGE_STANDARD = "gnu++0x";
				CLANG_CXX_LIBRARY = "libc++";
				CLANG_ENABLE_MODULES = YES;
				CLANG_ENABLE_OBJC_ARC = YES;
				CLANG_WARN_BOOL_CONVERSION = YES;
				CLANG_WARN_CONSTANT_CONVERSION = YES;
				CLANG_WARN_DIRECT_OBJC_ISA_USAGE = YES_ERROR;
				CLANG_WARN_EMPTY_BODY = YES;
				CLANG_WARN_ENUM_CONVERSION = YES;
				CLANG_WARN_INT_CONVERSION = YES;
				CLANG_WARN_OBJC_ROOT_CLASS = YES_ERROR;
				CLANG_WARN_UNREACHABLE_CODE = YES;
				CLANG_WARN__DUPLICATE_METHOD_MATCH = YES;
				"CODE_SIGN_IDENTITY[sdk=iphoneos*]" = "iPhone Developer";
				COPY_PHASE_STRIP = NO;
				DEBUG_INFORMATION_FORMAT = "dwarf-with-dsym";
				ENABLE_NS_ASSERTIONS = NO;
				ENABLE_STRICT_OBJC_MSGSEND = YES;
				GCC_C_LANGUAGE_STANDARD = gnu99;
				GCC_NO_COMMON_BLOCKS = YES;
				GCC_WARN_64_TO_32_BIT_CONVERSION = YES;
				GCC_WARN_ABOUT_RETURN_TYPE = YES_ERROR;
				GCC_WARN_UNDECLARED_SELECTOR = YES;
				GCC_WARN_UNINITIALIZED_AUTOS = YES_AGGRESSIVE;
				GCC_WARN_UNUSED_FUNCTION = YES;
				GCC_WARN_UNUSED_VARIABLE = YES;
				IPHONEOS_DEPLOYMENT_TARGET = 9.3;
				MTL_ENABLE_DEBUG_INFO = NO;
				SDKROOT = iphoneos;
				TARGETED_DEVICE_FAMILY = "1,2";
				VALIDATE_PRODUCT = YES;
			};
			name = Release;
		};
		FFF29B491D2B2A6800D8053C /* Debug */ = {
			isa = XCBuildConfiguration;
			buildSettings = {
				ASSETCATALOG_COMPILER_APPICON_NAME = AppIcon;
				INFOPLIST_FILE = "Eagle-Eye/Info.plist";
				LD_RUNPATH_SEARCH_PATHS = "$(inherited) @executable_path/Frameworks";
				PRODUCT_BUNDLE_IDENTIFIER = "DavidVY.Eagle-Eye";
				PRODUCT_NAME = "$(TARGET_NAME)";
			};
			name = Debug;
		};
		FFF29B4A1D2B2A6800D8053C /* Release */ = {
			isa = XCBuildConfiguration;
			buildSettings = {
				ASSETCATALOG_COMPILER_APPICON_NAME = AppIcon;
				INFOPLIST_FILE = "Eagle-Eye/Info.plist";
				LD_RUNPATH_SEARCH_PATHS = "$(inherited) @executable_path/Frameworks";
				PRODUCT_BUNDLE_IDENTIFIER = "DavidVY.Eagle-Eye";
				PRODUCT_NAME = "$(TARGET_NAME)";
			};
			name = Release;
		};
/* End XCBuildConfiguration section */

/* Begin XCConfigurationList section */
		FFF29B311D2B2A6800D8053C /* Build configuration list for PBXProject "Eagle-Eye" */ = {
			isa = XCConfigurationList;
			buildConfigurations = (
				FFF29B461D2B2A6800D8053C /* Debug */,
				FFF29B471D2B2A6800D8053C /* Release */,
			);
			defaultConfigurationIsVisible = 0;
			defaultConfigurationName = Release;
		};
		FFF29B481D2B2A6800D8053C /* Build configuration list for PBXNativeTarget "Eagle-Eye" */ = {
			isa = XCConfigurationList;
			buildConfigurations = (
				FFF29B491D2B2A6800D8053C /* Debug */,
				FFF29B4A1D2B2A6800D8053C /* Release */,
			);
			defaultConfigurationIsVisible = 0;
			defaultConfigurationName = Release;
		};
/* End XCConfigurationList section */
	};
	rootObject = FFF29B2E1D2B2A6800D8053C /* Project object */;
}
